
Microsoft Visual Studio Solution File, Format Version 12.00
# Visual Studio Version 17
VisualStudioVersion = 17.11.35219.272
MinimumVisualStudioVersion = 10.0.40219.1
Project("{FAE04EC0-301F-11D3-BF4B-00C04F79EFBC}") = "uppgift 4.1", "uppgift 4.1\uppgift 4.1.csproj", "{5C7A650B-0F36-4CD9-B024-94452C432FFC}"
EndProject
Global
	GlobalSection(SolutionConfigurationPlatforms) = preSolution
		Debug|Any CPU = Debug|Any CPU
		Release|Any CPU = Release|Any CPU
	EndGlobalSection
	GlobalSection(ProjectConfigurationPlatforms) = postSolution
		{5C7A650B-0F36-4CD9-B024-94452C432FFC}.Debug|Any CPU.ActiveCfg = Debug|Any CPU
		{5C7A650B-0F36-4CD9-B024-94452C432FFC}.Debug|Any CPU.Build.0 = Debug|Any CPU
		{5C7A650B-0F36-4CD9-B024-94452C432FFC}.Release|Any CPU.ActiveCfg = Release|Any CPU
		{5C7A650B-0F36-4CD9-B024-94452C432FFC}.Release|Any CPU.Build.0 = Release|Any CPU
	EndGlobalSection
	GlobalSection(SolutionProperties) = preSolution
		HideSolutionNode = FALSE
	EndGlobalSection
	GlobalSection(ExtensibilityGlobals) = postSolution
		SolutionGuid = {7D86C3D0-72A0-4801-A4F7-AFFED7FFBCEC}
	EndGlobalSection
EndGlobal
